// !$*UTF8*$!
{
	archiveVersion = 1;
	classes = {
	};
	objectVersion = 46;
	objects = {

/* Begin PBXBuildFile section */
		AA2C4BF21E128E65001110B4 /* AppDelegate.swift in Sources */ = {isa = PBXBuildFile; fileRef = AA2C4BF11E128E65001110B4 /* AppDelegate.swift */; };
		AA2C4BF71E128E65001110B4 /* MasterViewController.swift in Sources */ = {isa = PBXBuildFile; fileRef = AA2C4BF61E128E65001110B4 /* MasterViewController.swift */; };
		AA2C4BF91E128E65001110B4 /* DetailViewController.swift in Sources */ = {isa = PBXBuildFile; fileRef = AA2C4BF81E128E65001110B4 /* DetailViewController.swift */; };
		AA2C4BFC1E128E65001110B4 /* Main.storyboard in Resources */ = {isa = PBXBuildFile; fileRef = AA2C4BFA1E128E65001110B4 /* Main.storyboard */; };
		AA2C4BFE1E128E65001110B4 /* Assets.xcassets in Resources */ = {isa = PBXBuildFile; fileRef = AA2C4BFD1E128E65001110B4 /* Assets.xcassets */; };
		AA2C4C011E128E66001110B4 /* LaunchScreen.storyboard in Resources */ = {isa = PBXBuildFile; fileRef = AA2C4BFF1E128E66001110B4 /* LaunchScreen.storyboard */; };
		AA2C4C0C1E128E66001110B4 /* ChorStatistikTests.swift in Sources */ = {isa = PBXBuildFile; fileRef = AA2C4C0B1E128E66001110B4 /* ChorStatistikTests.swift */; };
		AA2C4C171E128E66001110B4 /* ChorStatistikUITests.swift in Sources */ = {isa = PBXBuildFile; fileRef = AA2C4C161E128E66001110B4 /* ChorStatistikUITests.swift */; };
		AA2C4C2B1E12A92C001110B4 /* ChorStatistik.xcdatamodeld in Sources */ = {isa = PBXBuildFile; fileRef = AA2C4C291E12A92C001110B4 /* ChorStatistik.xcdatamodeld */; };
/* End PBXBuildFile section */

/* Begin PBXContainerItemProxy section */
		AA2C4C081E128E66001110B4 /* PBXContainerItemProxy */ = {
			isa = PBXContainerItemProxy;
			containerPortal = AA2C4BE61E128E65001110B4 /* Project object */;
			proxyType = 1;
			remoteGlobalIDString = AA2C4BED1E128E65001110B4;
			remoteInfo = ChorStatistik;
		};
		AA2C4C131E128E66001110B4 /* PBXContainerItemProxy */ = {
			isa = PBXContainerItemProxy;
			containerPortal = AA2C4BE61E128E65001110B4 /* Project object */;
			proxyType = 1;
			remoteGlobalIDString = AA2C4BED1E128E65001110B4;
			remoteInfo = ChorStatistik;
		};
/* End PBXContainerItemProxy section */

/* Begin PBXFileReference section */
		AA2C4BEE1E128E65001110B4 /* ChorStatistik.app */ = {isa = PBXFileReference; explicitFileType = wrapper.application; includeInIndex = 0; path = ChorStatistik.app; sourceTree = BUILT_PRODUCTS_DIR; };
		AA2C4BF11E128E65001110B4 /* AppDelegate.swift */ = {isa = PBXFileReference; lastKnownFileType = sourcecode.swift; path = AppDelegate.swift; sourceTree = "<group>"; };
		AA2C4BF61E128E65001110B4 /* MasterViewController.swift */ = {isa = PBXFileReference; lastKnownFileType = sourcecode.swift; path = MasterViewController.swift; sourceTree = "<group>"; };
		AA2C4BF81E128E65001110B4 /* DetailViewController.swift */ = {isa = PBXFileReference; lastKnownFileType = sourcecode.swift; path = DetailViewController.swift; sourceTree = "<group>"; };
		AA2C4BFB1E128E65001110B4 /* Base */ = {isa = PBXFileReference; lastKnownFileType = file.storyboard; name = Base; path = Base.lproj/Main.storyboard; sourceTree = "<group>"; };
		AA2C4BFD1E128E65001110B4 /* Assets.xcassets */ = {isa = PBXFileReference; lastKnownFileType = folder.assetcatalog; path = Assets.xcassets; sourceTree = "<group>"; };
		AA2C4C001E128E66001110B4 /* Base */ = {isa = PBXFileReference; lastKnownFileType = file.storyboard; name = Base; path = Base.lproj/LaunchScreen.storyboard; sourceTree = "<group>"; };
		AA2C4C021E128E66001110B4 /* Info.plist */ = {isa = PBXFileReference; lastKnownFileType = text.plist.xml; path = Info.plist; sourceTree = "<group>"; };
		AA2C4C071E128E66001110B4 /* ChorStatistikTests.xctest */ = {isa = PBXFileReference; explicitFileType = wrapper.cfbundle; includeInIndex = 0; path = ChorStatistikTests.xctest; sourceTree = BUILT_PRODUCTS_DIR; };
		AA2C4C0B1E128E66001110B4 /* ChorStatistikTests.swift */ = {isa = PBXFileReference; lastKnownFileType = sourcecode.swift; path = ChorStatistikTests.swift; sourceTree = "<group>"; };
		AA2C4C0D1E128E66001110B4 /* Info.plist */ = {isa = PBXFileReference; lastKnownFileType = text.plist.xml; path = Info.plist; sourceTree = "<group>"; };
		AA2C4C121E128E66001110B4 /* ChorStatistikUITests.xctest */ = {isa = PBXFileReference; explicitFileType = wrapper.cfbundle; includeInIndex = 0; path = ChorStatistikUITests.xctest; sourceTree = BUILT_PRODUCTS_DIR; };
		AA2C4C161E128E66001110B4 /* ChorStatistikUITests.swift */ = {isa = PBXFileReference; lastKnownFileType = sourcecode.swift; path = ChorStatistikUITests.swift; sourceTree = "<group>"; };
		AA2C4C181E128E66001110B4 /* Info.plist */ = {isa = PBXFileReference; lastKnownFileType = text.plist.xml; path = Info.plist; sourceTree = "<group>"; };
		AA2C4C2A1E12A92C001110B4 /* Model.xcdatamodel */ = {isa = PBXFileReference; lastKnownFileType = wrapper.xcdatamodel; path = Model.xcdatamodel; sourceTree = "<group>"; };
/* End PBXFileReference section */

/* Begin PBXFrameworksBuildPhase section */
		AA2C4BEB1E128E65001110B4 /* Frameworks */ = {
			isa = PBXFrameworksBuildPhase;
			buildActionMask = 2147483647;
			files = (
			);
			runOnlyForDeploymentPostprocessing = 0;
		};
		AA2C4C041E128E66001110B4 /* Frameworks */ = {
			isa = PBXFrameworksBuildPhase;
			buildActionMask = 2147483647;
			files = (
			);
			runOnlyForDeploymentPostprocessing = 0;
		};
		AA2C4C0F1E128E66001110B4 /* Frameworks */ = {
			isa = PBXFrameworksBuildPhase;
			buildActionMask = 2147483647;
			files = (
			);
			runOnlyForDeploymentPostprocessing = 0;
		};
/* End PBXFrameworksBuildPhase section */

/* Begin PBXGroup section */
		AA2C4BE51E128E65001110B4 = {
			isa = PBXGroup;
			children = (
				AA2C4BF01E128E65001110B4 /* ChorStatistik */,
				AA2C4C0A1E128E66001110B4 /* ChorStatistikTests */,
				AA2C4C151E128E66001110B4 /* ChorStatistikUITests */,
				AA2C4BEF1E128E65001110B4 /* Products */,
			);
			sourceTree = "<group>";
		};
		AA2C4BEF1E128E65001110B4 /* Products */ = {
			isa = PBXGroup;
			children = (
				AA2C4BEE1E128E65001110B4 /* ChorStatistik.app */,
				AA2C4C071E128E66001110B4 /* ChorStatistikTests.xctest */,
				AA2C4C121E128E66001110B4 /* ChorStatistikUITests.xctest */,
			);
			name = Products;
			sourceTree = "<group>";
		};
		AA2C4BF01E128E65001110B4 /* ChorStatistik */ = {
			isa = PBXGroup;
			children = (
				AA2C4C251E12A349001110B4 /* Data */,
				AA2C4C241E12A31F001110B4 /* Controller */,
				AA2C4BF11E128E65001110B4 /* AppDelegate.swift */,
				AA2C4BFA1E128E65001110B4 /* Main.storyboard */,
				AA2C4BFD1E128E65001110B4 /* Assets.xcassets */,
				AA2C4BFF1E128E66001110B4 /* LaunchScreen.storyboard */,
				AA2C4C021E128E66001110B4 /* Info.plist */,
			);
			path = ChorStatistik;
			sourceTree = "<group>";
		};
		AA2C4C0A1E128E66001110B4 /* ChorStatistikTests */ = {
			isa = PBXGroup;
			children = (
				AA2C4C0B1E128E66001110B4 /* ChorStatistikTests.swift */,
				AA2C4C0D1E128E66001110B4 /* Info.plist */,
			);
			path = ChorStatistikTests;
			sourceTree = "<group>";
		};
		AA2C4C151E128E66001110B4 /* ChorStatistikUITests */ = {
			isa = PBXGroup;
			children = (
				AA2C4C161E128E66001110B4 /* ChorStatistikUITests.swift */,
				AA2C4C181E128E66001110B4 /* Info.plist */,
			);
			path = ChorStatistikUITests;
			sourceTree = "<group>";
		};
		AA2C4C241E12A31F001110B4 /* Controller */ = {
			isa = PBXGroup;
			children = (
				AA2C4BF61E128E65001110B4 /* MasterViewController.swift */,
				AA2C4BF81E128E65001110B4 /* DetailViewController.swift */,
			);
			name = Controller;
			sourceTree = "<group>";
		};
		AA2C4C251E12A349001110B4 /* Data */ = {
			isa = PBXGroup;
			children = (
				AA2C4C291E12A92C001110B4 /* ChorStatistik.xcdatamodeld */,
			);
			name = Data;
			sourceTree = "<group>";
		};
/* End PBXGroup section */

/* Begin PBXNativeTarget section */
		AA2C4BED1E128E65001110B4 /* ChorStatistik */ = {
			isa = PBXNativeTarget;
			buildConfigurationList = AA2C4C1B1E128E66001110B4 /* Build configuration list for PBXNativeTarget "ChorStatistik" */;
			buildPhases = (
				AA2C4BEA1E128E65001110B4 /* Sources */,
				AA2C4BEB1E128E65001110B4 /* Frameworks */,
				AA2C4BEC1E128E65001110B4 /* Resources */,
			);
			buildRules = (
			);
			dependencies = (
			);
			name = ChorStatistik;
			productName = ChorStatistik;
			productReference = AA2C4BEE1E128E65001110B4 /* ChorStatistik.app */;
			productType = "com.apple.product-type.application";
		};
		AA2C4C061E128E66001110B4 /* ChorStatistikTests */ = {
			isa = PBXNativeTarget;
			buildConfigurationList = AA2C4C1E1E128E66001110B4 /* Build configuration list for PBXNativeTarget "ChorStatistikTests" */;
			buildPhases = (
				AA2C4C031E128E66001110B4 /* Sources */,
				AA2C4C041E128E66001110B4 /* Frameworks */,
				AA2C4C051E128E66001110B4 /* Resources */,
			);
			buildRules = (
			);
			dependencies = (
				AA2C4C091E128E66001110B4 /* PBXTargetDependency */,
			);
			name = ChorStatistikTests;
			productName = ChorStatistikTests;
			productReference = AA2C4C071E128E66001110B4 /* ChorStatistikTests.xctest */;
			productType = "com.apple.product-type.bundle.unit-test";
		};
		AA2C4C111E128E66001110B4 /* ChorStatistikUITests */ = {
			isa = PBXNativeTarget;
			buildConfigurationList = AA2C4C211E128E66001110B4 /* Build configuration list for PBXNativeTarget "ChorStatistikUITests" */;
			buildPhases = (
				AA2C4C0E1E128E66001110B4 /* Sources */,
				AA2C4C0F1E128E66001110B4 /* Frameworks */,
				AA2C4C101E128E66001110B4 /* Resources */,
			);
			buildRules = (
			);
			dependencies = (
				AA2C4C141E128E66001110B4 /* PBXTargetDependency */,
			);
			name = ChorStatistikUITests;
			productName = ChorStatistikUITests;
			productReference = AA2C4C121E128E66001110B4 /* ChorStatistikUITests.xctest */;
			productType = "com.apple.product-type.bundle.ui-testing";
		};
/* End PBXNativeTarget section */

/* Begin PBXProject section */
		AA2C4BE61E128E65001110B4 /* Project object */ = {
			isa = PBXProject;
			attributes = {
				LastSwiftUpdateCheck = 0820;
				LastUpgradeCheck = 0820;
				ORGANIZATIONNAME = "Christian Toni";
				TargetAttributes = {
					AA2C4BED1E128E65001110B4 = {
						CreatedOnToolsVersion = 8.2.1;
						DevelopmentTeam = MRVY4XKW7X;
						ProvisioningStyle = Automatic;
					};
					AA2C4C061E128E66001110B4 = {
						CreatedOnToolsVersion = 8.2.1;
						DevelopmentTeam = MRVY4XKW7X;
						ProvisioningStyle = Automatic;
						TestTargetID = AA2C4BED1E128E65001110B4;
					};
					AA2C4C111E128E66001110B4 = {
						CreatedOnToolsVersion = 8.2.1;
						DevelopmentTeam = MRVY4XKW7X;
						ProvisioningStyle = Automatic;
						TestTargetID = AA2C4BED1E128E65001110B4;
					};
				};
			};
			buildConfigurationList = AA2C4BE91E128E65001110B4 /* Build configuration list for PBXProject "ChorStatistik" */;
			compatibilityVersion = "Xcode 3.2";
			developmentRegion = English;
			hasScannedForEncodings = 0;
			knownRegions = (
				en,
				Base,
			);
			mainGroup = AA2C4BE51E128E65001110B4;
			productRefGroup = AA2C4BEF1E128E65001110B4 /* Products */;
			projectDirPath = "";
			projectRoot = "";
			targets = (
				AA2C4BED1E128E65001110B4 /* ChorStatistik */,
				AA2C4C061E128E66001110B4 /* ChorStatistikTests */,
				AA2C4C111E128E66001110B4 /* ChorStatistikUITests */,
			);
		};
/* End PBXProject section */

/* Begin PBXResourcesBuildPhase section */
		AA2C4BEC1E128E65001110B4 /* Resources */ = {
			isa = PBXResourcesBuildPhase;
			buildActionMask = 2147483647;
			files = (
				AA2C4C011E128E66001110B4 /* LaunchScreen.storyboard in Resources */,
				AA2C4BFE1E128E65001110B4 /* Assets.xcassets in Resources */,
				AA2C4BFC1E128E65001110B4 /* Main.storyboard in Resources */,
			);
			runOnlyForDeploymentPostprocessing = 0;
		};
		AA2C4C051E128E66001110B4 /* Resources */ = {
			isa = PBXResourcesBuildPhase;
			buildActionMask = 2147483647;
			files = (
			);
			runOnlyForDeploymentPostprocessing = 0;
		};
		AA2C4C101E128E66001110B4 /* Resources */ = {
			isa = PBXResourcesBuildPhase;
			buildActionMask = 2147483647;
			files = (
			);
			runOnlyForDeploymentPostprocessing = 0;
		};
/* End PBXResourcesBuildPhase section */

/* Begin PBXSourcesBuildPhase section */
		AA2C4BEA1E128E65001110B4 /* Sources */ = {
			isa = PBXSourcesBuildPhase;
			buildActionMask = 2147483647;
			files = (
				AA2C4BF21E128E65001110B4 /* AppDelegate.swift in Sources */,
				AA2C4C2B1E12A92C001110B4 /* ChorStatistik.xcdatamodeld in Sources */,
				AA2C4BF71E128E65001110B4 /* MasterViewController.swift in Sources */,
				AA2C4BF91E128E65001110B4 /* DetailViewController.swift in Sources */,
			);
			runOnlyForDeploymentPostprocessing = 0;
		};
		AA2C4C031E128E66001110B4 /* Sources */ = {
			isa = PBXSourcesBuildPhase;
			buildActionMask = 2147483647;
			files = (
				AA2C4C0C1E128E66001110B4 /* ChorStatistikTests.swift in Sources */,
			);
			runOnlyForDeploymentPostprocessing = 0;
		};
		AA2C4C0E1E128E66001110B4 /* Sources */ = {
			isa = PBXSourcesBuildPhase;
			buildActionMask = 2147483647;
			files = (
				AA2C4C171E128E66001110B4 /* ChorStatistikUITests.swift in Sources */,
			);
			runOnlyForDeploymentPostprocessing = 0;
		};
/* End PBXSourcesBuildPhase section */

/* Begin PBXTargetDependency section */
		AA2C4C091E128E66001110B4 /* PBXTargetDependency */ = {
			isa = PBXTargetDependency;
			target = AA2C4BED1E128E65001110B4 /* ChorStatistik */;
			targetProxy = AA2C4C081E128E66001110B4 /* PBXContainerItemProxy */;
		};
		AA2C4C141E128E66001110B4 /* PBXTargetDependency */ = {
			isa = PBXTargetDependency;
			target = AA2C4BED1E128E65001110B4 /* ChorStatistik */;
			targetProxy = AA2C4C131E128E66001110B4 /* PBXContainerItemProxy */;
		};
/* End PBXTargetDependency section */

/* Begin PBXVariantGroup section */
		AA2C4BFA1E128E65001110B4 /* Main.storyboard */ = {
			isa = PBXVariantGroup;
			children = (
				AA2C4BFB1E128E65001110B4 /* Base */,
			);
			name = Main.storyboard;
			sourceTree = "<group>";
		};
		AA2C4BFF1E128E66001110B4 /* LaunchScreen.storyboard */ = {
			isa = PBXVariantGroup;
			children = (
				AA2C4C001E128E66001110B4 /* Base */,
			);
			name = LaunchScreen.storyboard;
			sourceTree = "<group>";
		};
/* End PBXVariantGroup section */

/* Begin XCBuildConfiguration section */
		AA2C4C191E128E66001110B4 /* Debug */ = {
			isa = XCBuildConfiguration;
			buildSettings = {
				ALWAYS_SEARCH_USER_PATHS = NO;
				CLANG_ANALYZER_NONNULL = YES;
				CLANG_CXX_LANGUAGE_STANDARD = "gnu++0x";
				CLANG_CXX_LIBRARY = "libc++";
				CLANG_ENABLE_MODULES = YES;
				CLANG_ENABLE_OBJC_ARC = YES;
				CLANG_WARN_BOOL_CONVERSION = YES;
				CLANG_WARN_CONSTANT_CONVERSION = YES;
				CLANG_WARN_DIRECT_OBJC_ISA_USAGE = YES_ERROR;
				CLANG_WARN_DOCUMENTATION_COMMENTS = YES;
				CLANG_WARN_EMPTY_BODY = YES;
				CLANG_WARN_ENUM_CONVERSION = YES;
				CLANG_WARN_INFINITE_RECURSION = YES;
				CLANG_WARN_INT_CONVERSION = YES;
				CLANG_WARN_OBJC_ROOT_CLASS = YES_ERROR;
				CLANG_WARN_SUSPICIOUS_MOVE = YES;
				CLANG_WARN_UNREACHABLE_CODE = YES;
				CLANG_WARN__DUPLICATE_METHOD_MATCH = YES;
				"CODE_SIGN_IDENTITY[sdk=iphoneos*]" = "iPhone Developer";
				COPY_PHASE_STRIP = NO;
				DEBUG_INFORMATION_FORMAT = dwarf;
				ENABLE_STRICT_OBJC_MSGSEND = YES;
				ENABLE_TESTABILITY = YES;
				GCC_C_LANGUAGE_STANDARD = gnu99;
				GCC_DYNAMIC_NO_PIC = NO;
				GCC_NO_COMMON_BLOCKS = YES;
				GCC_OPTIMIZATION_LEVEL = 0;
				GCC_PREPROCESSOR_DEFINITIONS = (
					"DEBUG=1",
					"$(inherited)",
				);
				GCC_WARN_64_TO_32_BIT_CONVERSION = YES;
				GCC_WARN_ABOUT_RETURN_TYPE = YES_ERROR;
				GCC_WARN_UNDECLARED_SELECTOR = YES;
				GCC_WARN_UNINITIALIZED_AUTOS = YES_AGGRESSIVE;
				GCC_WARN_UNUSED_FUNCTION = YES;
				GCC_WARN_UNUSED_VARIABLE = YES;
				IPHONEOS_DEPLOYMENT_TARGET = 10.2;
				MTL_ENABLE_DEBUG_INFO = YES;
				ONLY_ACTIVE_ARCH = YES;
				SDKROOT = iphoneos;
				SWIFT_ACTIVE_COMPILATION_CONDITIONS = DEBUG;
				SWIFT_OPTIMIZATION_LEVEL = "-Onone";
				TARGETED_DEVICE_FAMILY = "1,2";
			};
			name = Debug;
		};
		AA2C4C1A1E128E66001110B4 /* Release */ = {
			isa = XCBuildConfiguration;
			buildSettings = {
				ALWAYS_SEARCH_USER_PATHS = NO;
				CLANG_ANALYZER_NONNULL = YES;
				CLANG_CXX_LANGUAGE_STANDARD = "gnu++0x";
				CLANG_CXX_LIBRARY = "libc++";
				CLANG_ENABLE_MODULES = YES;
				CLANG_ENABLE_OBJC_ARC = YES;
				CLANG_WARN_BOOL_CONVERSION = YES;
				CLANG_WARN_CONSTANT_CONVERSION = YES;
				CLANG_WARN_DIRECT_OBJC_ISA_USAGE = YES_ERROR;
				CLANG_WARN_DOCUMENTATION_COMMENTS = YES;
				CLANG_WARN_EMPTY_BODY = YES;
				CLANG_WARN_ENUM_CONVERSION = YES;
				CLANG_WARN_INFINITE_RECURSION = YES;
				CLANG_WARN_INT_CONVERSION = YES;
				CLANG_WARN_OBJC_ROOT_CLASS = YES_ERROR;
				CLANG_WARN_SUSPICIOUS_MOVE = YES;
				CLANG_WARN_UNREACHABLE_CODE = YES;
				CLANG_WARN__DUPLICATE_METHOD_MATCH = YES;
				"CODE_SIGN_IDENTITY[sdk=iphoneos*]" = "iPhone Developer";
				COPY_PHASE_STRIP = NO;
				DEBUG_INFORMATION_FORMAT = "dwarf-with-dsym";
				ENABLE_NS_ASSERTIONS = NO;
				ENABLE_STRICT_OBJC_MSGSEND = YES;
				GCC_C_LANGUAGE_STANDARD = gnu99;
				GCC_NO_COMMON_BLOCKS = YES;
				GCC_WARN_64_TO_32_BIT_CONVERSION = YES;
				GCC_WARN_ABOUT_RETURN_TYPE = YES_ERROR;
				GCC_WARN_UNDECLARED_SELECTOR = YES;
				GCC_WARN_UNINITIALIZED_AUTOS = YES_AGGRESSIVE;
				GCC_WARN_UNUSED_FUNCTION = YES;
				GCC_WARN_UNUSED_VARIABLE = YES;
				IPHONEOS_DEPLOYMENT_TARGET = 10.2;
				MTL_ENABLE_DEBUG_INFO = NO;
				SDKROOT = iphoneos;
				SWIFT_OPTIMIZATION_LEVEL = "-Owholemodule";
				TARGETED_DEVICE_FAMILY = "1,2";
				VALIDATE_PRODUCT = YES;
			};
			name = Release;
		};
		AA2C4C1C1E128E66001110B4 /* Debug */ = {
			isa = XCBuildConfiguration;
			buildSettings = {
				ASSETCATALOG_COMPILER_APPICON_NAME = AppIcon;
				DEVELOPMENT_TEAM = MRVY4XKW7X;
				INFOPLIST_FILE = ChorStatistik/Info.plist;
				LD_RUNPATH_SEARCH_PATHS = "$(inherited) @executable_path/Frameworks";
				PRODUCT_BUNDLE_IDENTIFIER = CT.ChorStatistik;
				PRODUCT_NAME = "$(TARGET_NAME)";
				SWIFT_VERSION = 3.0;
			};
			name = Debug;
		};
		AA2C4C1D1E128E66001110B4 /* Release */ = {
			isa = XCBuildConfiguration;
			buildSettings = {
				ASSETCATALOG_COMPILER_APPICON_NAME = AppIcon;
				DEVELOPMENT_TEAM = MRVY4XKW7X;
				INFOPLIST_FILE = ChorStatistik/Info.plist;
				LD_RUNPATH_SEARCH_PATHS = "$(inherited) @executable_path/Frameworks";
				PRODUCT_BUNDLE_IDENTIFIER = CT.ChorStatistik;
				PRODUCT_NAME = "$(TARGET_NAME)";
				SWIFT_VERSION = 3.0;
			};
			name = Release;
		};
		AA2C4C1F1E128E66001110B4 /* Debug */ = {
			isa = XCBuildConfiguration;
			buildSettings = {
				ALWAYS_EMBED_SWIFT_STANDARD_LIBRARIES = YES;
				BUNDLE_LOADER = "$(TEST_HOST)";
				DEVELOPMENT_TEAM = MRVY4XKW7X;
				INFOPLIST_FILE = ChorStatistikTests/Info.plist;
				LD_RUNPATH_SEARCH_PATHS = "$(inherited) @executable_path/Frameworks @loader_path/Frameworks";
				PRODUCT_BUNDLE_IDENTIFIER = CT.ChorStatistikTests;
				PRODUCT_NAME = "$(TARGET_NAME)";
				SWIFT_VERSION = 3.0;
				TEST_HOST = "$(BUILT_PRODUCTS_DIR)/ChorStatistik.app/ChorStatistik";
			};
			name = Debug;
		};
		AA2C4C201E128E66001110B4 /* Release */ = {
			isa = XCBuildConfiguration;
			buildSettings = {
				ALWAYS_EMBED_SWIFT_STANDARD_LIBRARIES = YES;
				BUNDLE_LOADER = "$(TEST_HOST)";
				DEVELOPMENT_TEAM = MRVY4XKW7X;
				INFOPLIST_FILE = ChorStatistikTests/Info.plist;
				LD_RUNPATH_SEARCH_PATHS = "$(inherited) @executable_path/Frameworks @loader_path/Frameworks";
				PRODUCT_BUNDLE_IDENTIFIER = CT.ChorStatistikTests;
				PRODUCT_NAME = "$(TARGET_NAME)";
				SWIFT_VERSION = 3.0;
				TEST_HOST = "$(BUILT_PRODUCTS_DIR)/ChorStatistik.app/ChorStatistik";
			};
			name = Release;
		};
		AA2C4C221E128E66001110B4 /* Debug */ = {
			isa = XCBuildConfiguration;
			buildSettings = {
				ALWAYS_EMBED_SWIFT_STANDARD_LIBRARIES = YES;
				DEVELOPMENT_TEAM = MRVY4XKW7X;
				INFOPLIST_FILE = ChorStatistikUITests/Info.plist;
				LD_RUNPATH_SEARCH_PATHS = "$(inherited) @executable_path/Frameworks @loader_path/Frameworks";
				PRODUCT_BUNDLE_IDENTIFIER = CT.ChorStatistikUITests;
				PRODUCT_NAME = "$(TARGET_NAME)";
				SWIFT_VERSION = 3.0;
				TEST_TARGET_NAME = ChorStatistik;
			};
			name = Debug;
		};
		AA2C4C231E128E66001110B4 /* Release */ = {
			isa = XCBuildConfiguration;
			buildSettings = {
				ALWAYS_EMBED_SWIFT_STANDARD_LIBRARIES = YES;
				DEVELOPMENT_TEAM = MRVY4XKW7X;
				INFOPLIST_FILE = ChorStatistikUITests/Info.plist;
				LD_RUNPATH_SEARCH_PATHS = "$(inherited) @executable_path/Frameworks @loader_path/Frameworks";
				PRODUCT_BUNDLE_IDENTIFIER = CT.ChorStatistikUITests;
				PRODUCT_NAME = "$(TARGET_NAME)";
				SWIFT_VERSION = 3.0;
				TEST_TARGET_NAME = ChorStatistik;
			};
			name = Release;
		};
/* End XCBuildConfiguration section */

/* Begin XCConfigurationList section */
		AA2C4BE91E128E65001110B4 /* Build configuration list for PBXProject "ChorStatistik" */ = {
			isa = XCConfigurationList;
			buildConfigurations = (
				AA2C4C191E128E66001110B4 /* Debug */,
				AA2C4C1A1E128E66001110B4 /* Release */,
			);
			defaultConfigurationIsVisible = 0;
			defaultConfigurationName = Release;
		};
		AA2C4C1B1E128E66001110B4 /* Build configuration list for PBXNativeTarget "ChorStatistik" */ = {
			isa = XCConfigurationList;
			buildConfigurations = (
				AA2C4C1C1E128E66001110B4 /* Debug */,
				AA2C4C1D1E128E66001110B4 /* Release */,
			);
			defaultConfigurationIsVisible = 0;
		};
		AA2C4C1E1E128E66001110B4 /* Build configuration list for PBXNativeTarget "ChorStatistikTests" */ = {
			isa = XCConfigurationList;
			buildConfigurations = (
				AA2C4C1F1E128E66001110B4 /* Debug */,
				AA2C4C201E128E66001110B4 /* Release */,
			);
			defaultConfigurationIsVisible = 0;
		};
		AA2C4C211E128E66001110B4 /* Build configuration list for PBXNativeTarget "ChorStatistikUITests" */ = {
			isa = XCConfigurationList;
			buildConfigurations = (
				AA2C4C221E128E66001110B4 /* Debug */,
				AA2C4C231E128E66001110B4 /* Release */,
			);
			defaultConfigurationIsVisible = 0;
		};
/* End XCConfigurationList section */

/* Begin XCVersionGroup section */
		AA2C4C291E12A92C001110B4 /* ChorStatistik.xcdatamodeld */ = {
			isa = XCVersionGroup;
			children = (
				AA2C4C2A1E12A92C001110B4 /* Model.xcdatamodel */,
			);
			currentVersion = AA2C4C2A1E12A92C001110B4 /* Model.xcdatamodel */;
			name = ChorStatistik.xcdatamodeld;
			path = Model.xcdatamodeld;
			sourceTree = "<group>";
			versionGroupType = wrapper.xcdatamodel;
		};
/* End XCVersionGroup section */
	};
	rootObject = AA2C4BE61E128E65001110B4 /* Project object */;
}
